
Microsoft Visual Studio Solution File, Format Version 12.00
# Visual Studio Version 17
VisualStudioVersion = 17.8.34511.84
MinimumVisualStudioVersion = 10.0.40219.1
Project("{9A19103F-16F7-4668-BE54-9A1E7A4F7556}") = "BUStudentAssistant", "BUStudentAssistant\BUStudentAssistant.csproj", "{64ED259A-5323-41D1-BD5C-08FDD5276D7A}"
EndProject
Global
	GlobalSection(SolutionConfigurationPlatforms) = preSolution
		Debug|Any CPU = Debug|Any CPU
		Release|Any CPU = Release|Any CPU
	EndGlobalSection
	GlobalSection(ProjectConfigurationPlatforms) = postSolution
		{64ED259A-5323-41D1-BD5C-08FDD5276D7A}.Debug|Any CPU.ActiveCfg = Debug|Any CPU
		{64ED259A-5323-41D1-BD5C-08FDD5276D7A}.Debug|Any CPU.Build.0 = Debug|Any CPU
		{64ED259A-5323-41D1-BD5C-08FDD5276D7A}.Release|Any CPU.ActiveCfg = Release|Any CPU
		{64ED259A-5323-41D1-BD5C-08FDD5276D7A}.Release|Any CPU.Build.0 = Release|Any CPU
	EndGlobalSection
	GlobalSection(SolutionProperties) = preSolution
		HideSolutionNode = FALSE
	EndGlobalSection
	GlobalSection(ExtensibilityGlobals) = postSolution
		SolutionGuid = {6EEE496C-AFC5-4D7B-B789-41D3B8189C66}
	EndGlobalSection
EndGlobal
