
Microsoft Visual Studio Solution File, Format Version 12.00
# Visual Studio Version 17
VisualStudioVersion = 17.9.34714.143
MinimumVisualStudioVersion = 10.0.40219.1
Project("{FAE04EC0-301F-11D3-BF4B-00C04F79EFBC}") = "GMapsApiResearch", "GMapsApiResearch\GMapsApiResearch.csproj", "{F69CF69B-E903-422D-ADDE-AA15253A103C}"
EndProject
Project("{FAE04EC0-301F-11D3-BF4B-00C04F79EFBC}") = "MBTA", "MBTA\MBTA.csproj", "{4DA82BBF-9DAB-4148-B8C8-7E1711F7A6C9}"
EndProject
Global
	GlobalSection(SolutionConfigurationPlatforms) = preSolution
		Debug|Any CPU = Debug|Any CPU
		Release|Any CPU = Release|Any CPU
	EndGlobalSection
	GlobalSection(ProjectConfigurationPlatforms) = postSolution
		{F69CF69B-E903-422D-ADDE-AA15253A103C}.Debug|Any CPU.ActiveCfg = Debug|Any CPU
		{F69CF69B-E903-422D-ADDE-AA15253A103C}.Debug|Any CPU.Build.0 = Debug|Any CPU
		{F69CF69B-E903-422D-ADDE-AA15253A103C}.Release|Any CPU.ActiveCfg = Release|Any CPU
		{F69CF69B-E903-422D-ADDE-AA15253A103C}.Release|Any CPU.Build.0 = Release|Any CPU
		{4DA82BBF-9DAB-4148-B8C8-7E1711F7A6C9}.Debug|Any CPU.ActiveCfg = Debug|Any CPU
		{4DA82BBF-9DAB-4148-B8C8-7E1711F7A6C9}.Debug|Any CPU.Build.0 = Debug|Any CPU
		{4DA82BBF-9DAB-4148-B8C8-7E1711F7A6C9}.Release|Any CPU.ActiveCfg = Release|Any CPU
		{4DA82BBF-9DAB-4148-B8C8-7E1711F7A6C9}.Release|Any CPU.Build.0 = Release|Any CPU
	EndGlobalSection
	GlobalSection(SolutionProperties) = preSolution
		HideSolutionNode = FALSE
	EndGlobalSection
	GlobalSection(ExtensibilityGlobals) = postSolution
		SolutionGuid = {BA5708CA-6B72-4CF4-9BCA-3F94815869EC}
	EndGlobalSection
EndGlobal
