
Microsoft Visual Studio Solution File, Format Version 12.00
# Visual Studio Version 17
VisualStudioVersion = 17.9.34701.34
MinimumVisualStudioVersion = 10.0.40219.1
Project("{9A19103F-16F7-4668-BE54-9A1E7A4F7556}") = "ChatGPT-API", "ChatGPT-API\ChatGPT-API.csproj", "{A4254CAC-BBDB-4227-BDE9-A5ACB32962E8}"
EndProject
Project("{FAE04EC0-301F-11D3-BF4B-00C04F79EFBC}") = "MBTA_API", "MBTA_API\MBTA_API.csproj", "{E104D183-EB08-47CD-AE96-45F0A267B37C}"
EndProject
Project("{FAE04EC0-301F-11D3-BF4B-00C04F79EFBC}") = "GoogleMaps_API", "GoogleMaps_API\GoogleMaps_API.csproj", "{7EB285FF-E838-45A2-8AD2-A25D091B3767}"
EndProject
Global
	GlobalSection(SolutionConfigurationPlatforms) = preSolution
		Debug|Any CPU = Debug|Any CPU
		Release|Any CPU = Release|Any CPU
	EndGlobalSection
	GlobalSection(ProjectConfigurationPlatforms) = postSolution
		{A4254CAC-BBDB-4227-BDE9-A5ACB32962E8}.Debug|Any CPU.ActiveCfg = Debug|Any CPU
		{A4254CAC-BBDB-4227-BDE9-A5ACB32962E8}.Debug|Any CPU.Build.0 = Debug|Any CPU
		{A4254CAC-BBDB-4227-BDE9-A5ACB32962E8}.Release|Any CPU.ActiveCfg = Release|Any CPU
		{A4254CAC-BBDB-4227-BDE9-A5ACB32962E8}.Release|Any CPU.Build.0 = Release|Any CPU
		{E104D183-EB08-47CD-AE96-45F0A267B37C}.Debug|Any CPU.ActiveCfg = Debug|Any CPU
		{E104D183-EB08-47CD-AE96-45F0A267B37C}.Debug|Any CPU.Build.0 = Debug|Any CPU
		{E104D183-EB08-47CD-AE96-45F0A267B37C}.Release|Any CPU.ActiveCfg = Release|Any CPU
		{E104D183-EB08-47CD-AE96-45F0A267B37C}.Release|Any CPU.Build.0 = Release|Any CPU
		{7EB285FF-E838-45A2-8AD2-A25D091B3767}.Debug|Any CPU.ActiveCfg = Debug|Any CPU
		{7EB285FF-E838-45A2-8AD2-A25D091B3767}.Debug|Any CPU.Build.0 = Debug|Any CPU
		{7EB285FF-E838-45A2-8AD2-A25D091B3767}.Release|Any CPU.ActiveCfg = Release|Any CPU
		{7EB285FF-E838-45A2-8AD2-A25D091B3767}.Release|Any CPU.Build.0 = Release|Any CPU
	EndGlobalSection
	GlobalSection(SolutionProperties) = preSolution
		HideSolutionNode = FALSE
	EndGlobalSection
	GlobalSection(ExtensibilityGlobals) = postSolution
		SolutionGuid = {33FE377F-D053-425C-8AE4-E8E3CA49C804}
	EndGlobalSection
EndGlobal
